
Microsoft Visual Studio Solution File, Format Version 12.00
# Visual Studio Version 16
VisualStudioVersion = 16.0.30804.86
MinimumVisualStudioVersion = 10.0.40219.1
Project("{9A19103F-16F7-4668-BE54-9A1E7A4F7556}") = "Telerobotics.Protos", "protos\Telerobotics.Protos.csproj", "{CCF31046-5794-412F-AF91-EA80B037C9F4}"
EndProject
Project("{9A19103F-16F7-4668-BE54-9A1E7A4F7556}") = "Telerobotics.SDK", "csharpsdk\Telerobotics.SDK.csproj", "{3D50C58A-1B70-4A22-A3EF-C7E87289FA29}"
EndProject
Project("{9A19103F-16F7-4668-BE54-9A1E7A4F7556}") = "Example", "example\Example.csproj", "{CDBE36F7-1661-4434-9BDD-B4B072909997}"
EndProject
Global
	GlobalSection(SolutionConfigurationPlatforms) = preSolution
		Debug|Any CPU = Debug|Any CPU
		Release|Any CPU = Release|Any CPU
	EndGlobalSection
	GlobalSection(ProjectConfigurationPlatforms) = postSolution
		{CCF31046-5794-412F-AF91-EA80B037C9F4}.Debug|Any CPU.ActiveCfg = Debug|Any CPU
		{CCF31046-5794-412F-AF91-EA80B037C9F4}.Debug|Any CPU.Build.0 = Debug|Any CPU
		{CCF31046-5794-412F-AF91-EA80B037C9F4}.Release|Any CPU.ActiveCfg = Release|Any CPU
		{CCF31046-5794-412F-AF91-EA80B037C9F4}.Release|Any CPU.Build.0 = Release|Any CPU
		{3D50C58A-1B70-4A22-A3EF-C7E87289FA29}.Debug|Any CPU.ActiveCfg = Debug|Any CPU
		{3D50C58A-1B70-4A22-A3EF-C7E87289FA29}.Debug|Any CPU.Build.0 = Debug|Any CPU
		{3D50C58A-1B70-4A22-A3EF-C7E87289FA29}.Release|Any CPU.ActiveCfg = Release|Any CPU
		{3D50C58A-1B70-4A22-A3EF-C7E87289FA29}.Release|Any CPU.Build.0 = Release|Any CPU
		{CDBE36F7-1661-4434-9BDD-B4B072909997}.Debug|Any CPU.ActiveCfg = Debug|Any CPU
		{CDBE36F7-1661-4434-9BDD-B4B072909997}.Debug|Any CPU.Build.0 = Debug|Any CPU
		{CDBE36F7-1661-4434-9BDD-B4B072909997}.Release|Any CPU.ActiveCfg = Release|Any CPU
		{CDBE36F7-1661-4434-9BDD-B4B072909997}.Release|Any CPU.Build.0 = Release|Any CPU
	EndGlobalSection
	GlobalSection(SolutionProperties) = preSolution
		HideSolutionNode = FALSE
	EndGlobalSection
	GlobalSection(ExtensibilityGlobals) = postSolution
		SolutionGuid = {F86782A2-551A-482A-A7ED-C8E1EA4E966B}
	EndGlobalSection
EndGlobal
