
Microsoft Visual Studio Solution File, Format Version 12.00
# Visual Studio Version 16
VisualStudioVersion = 16.0.30804.86
MinimumVisualStudioVersion = 10.0.40219.1
Project("{9A19103F-16F7-4668-BE54-9A1E7A4F7556}") = "Telerobotics.SDK", "csharpsdk\Telerobotics.SDK.csproj", "{B2B68D7A-9E4E-4E34-864B-154B2B036A4A}"
EndProject
Global
	GlobalSection(SolutionConfigurationPlatforms) = preSolution
		Debug|Any CPU = Debug|Any CPU
		Release|Any CPU = Release|Any CPU
	EndGlobalSection
	GlobalSection(ProjectConfigurationPlatforms) = postSolution
		{B2B68D7A-9E4E-4E34-864B-154B2B036A4A}.Debug|Any CPU.ActiveCfg = Debug|Any CPU
		{B2B68D7A-9E4E-4E34-864B-154B2B036A4A}.Debug|Any CPU.Build.0 = Debug|Any CPU
		{B2B68D7A-9E4E-4E34-864B-154B2B036A4A}.Release|Any CPU.ActiveCfg = Release|Any CPU
		{B2B68D7A-9E4E-4E34-864B-154B2B036A4A}.Release|Any CPU.Build.0 = Release|Any CPU
	EndGlobalSection
	GlobalSection(SolutionProperties) = preSolution
		HideSolutionNode = FALSE
	EndGlobalSection
	GlobalSection(ExtensibilityGlobals) = postSolution
		SolutionGuid = {F0AC9211-1BF4-4A19-B2E1-39A96B43E2BA}
	EndGlobalSection
EndGlobal
